
Microsoft Visual Studio Solution File, Format Version 12.00
# Visual Studio Version 17
VisualStudioVersion = 17.11.35312.102
MinimumVisualStudioVersion = 10.0.40219.1
Project("{FAE04EC0-301F-11D3-BF4B-00C04F79EFBC}") = "School_System_APII", "School_System_APII\School_System_APII.csproj", "{2F8EC94F-C200-4519-8645-A539E34429CD}"
EndProject
Global
	GlobalSection(SolutionConfigurationPlatforms) = preSolution
		Debug|Any CPU = Debug|Any CPU
		Release|Any CPU = Release|Any CPU
	EndGlobalSection
	GlobalSection(ProjectConfigurationPlatforms) = postSolution
		{2F8EC94F-C200-4519-8645-A539E34429CD}.Debug|Any CPU.ActiveCfg = Debug|Any CPU
		{2F8EC94F-C200-4519-8645-A539E34429CD}.Debug|Any CPU.Build.0 = Debug|Any CPU
		{2F8EC94F-C200-4519-8645-A539E34429CD}.Release|Any CPU.ActiveCfg = Release|Any CPU
		{2F8EC94F-C200-4519-8645-A539E34429CD}.Release|Any CPU.Build.0 = Release|Any CPU
	EndGlobalSection
	GlobalSection(SolutionProperties) = preSolution
		HideSolutionNode = FALSE
	EndGlobalSection
	GlobalSection(ExtensibilityGlobals) = postSolution
		SolutionGuid = {1F0445FA-988C-4BBD-BB61-EFDAD82CA7F8}
	EndGlobalSection
EndGlobal
